Microsoft Visual Studio Solution File, Format Version 12.00
# Visual Studio Version 17
VisualStudioVersion = 17.13.35919.96
MinimumVisualStudioVersion = 10.0.40219.1
Project("{8BC9CEB8-8B4A-11D0-8D11-00A0C91BC942}") = "chapter 5 program", "chapter 5 program\chapter 5 program.vcxproj", "{C58E2CB5-8DD7-46F9-8F72-3D233C8E2506}"
EndProject
Global
	GlobalSection(SolutionConfigurationPlatforms) = preSolution
		Debug|x64 = Debug|x64
		Debug|x86 = Debug|x86
		Release|x64 = Release|x64
		Release|x86 = Release|x86
	EndGlobalSection
	GlobalSection(ProjectConfigurationPlatforms) = postSolution
		{C58E2CB5-8DD7-46F9-8F72-3D233C8E2506}.Debug|x64.ActiveCfg = Debug|x64
		{C58E2CB5-8DD7-46F9-8F72-3D233C8E2506}.Debug|x64.Build.0 = Debug|x64
		{C58E2CB5-8DD7-46F9-8F72-3D233C8E2506}.Debug|x86.ActiveCfg = Debug|Win32
		{C58E2CB5-8DD7-46F9-8F72-3D233C8E2506}.Debug|x86.Build.0 = Debug|Win32
		{C58E2CB5-8DD7-46F9-8F72-3D233C8E2506}.Release|x64.ActiveCfg = Release|x64
		{C58E2CB5-8DD7-46F9-8F72-3D233C8E2506}.Release|x64.Build.0 = Release|x64
		{C58E2CB5-8DD7-46F9-8F72-3D233C8E2506}.Release|x86.ActiveCfg = Release|Win32
		{C58E2CB5-8DD7-46F9-8F72-3D233C8E2506}.Release|x86.Build.0 = Release|Win32
	EndGlobalSection
	GlobalSection(SolutionProperties) = preSolution
		HideSolutionNode = FALSE
	EndGlobalSection
	GlobalSection(ExtensibilityGlobals) = postSolution
		SolutionGuid = {3D5A5007-CEE1-416B-9291-F4FF59398DCB}
	EndGlobalSection
EndGlobal
